// !$*UTF8*$!
{
	archiveVersion = 1;
	classes = {
	};
	objectVersion = 56;
	objects = {

/* Begin PBXBuildFile section */
		507676AE2A9954D400BCA5A2 /* ExpenseTrackerApp.swift in Sources */ = {isa = PBXBuildFile; fileRef = 507676AD2A9954D400BCA5A2 /* ExpenseTrackerApp.swift */; };
		507676B02A9954D400BCA5A2 /* ContentView.swift in Sources */ = {isa = PBXBuildFile; fileRef = 507676AF2A9954D400BCA5A2 /* ContentView.swift */; };
		507676B22A9954D500BCA5A2 /* Assets.xcassets in Resources */ = {isa = PBXBuildFile; fileRef = 507676B12A9954D500BCA5A2 /* Assets.xcassets */; };
		507676B52A9954D500BCA5A2 /* Preview Assets.xcassets in Resources */ = {isa = PBXBuildFile; fileRef = 507676B42A9954D500BCA5A2 /* Preview Assets.xcassets */; };
		507676BC2A9955CA00BCA5A2 /* Extensions.swift in Sources */ = {isa = PBXBuildFile; fileRef = 507676BB2A9955CA00BCA5A2 /* Extensions.swift */; };
		507676BE2A9957AA00BCA5A2 /* TransactionModel.swift in Sources */ = {isa = PBXBuildFile; fileRef = 507676BD2A9957AA00BCA5A2 /* TransactionModel.swift */; };
		507676C02A99594F00BCA5A2 /* PreviewData.swift in Sources */ = {isa = PBXBuildFile; fileRef = 507676BF2A99594F00BCA5A2 /* PreviewData.swift */; };
		507676C22A995A9000BCA5A2 /* TransactionRow.swift in Sources */ = {isa = PBXBuildFile; fileRef = 507676C12A995A9000BCA5A2 /* TransactionRow.swift */; };
		507676C52A995F2F00BCA5A2 /* SwiftUIFontIcon in Frameworks */ = {isa = PBXBuildFile; productRef = 507676C42A995F2F00BCA5A2 /* SwiftUIFontIcon */; };
		507676C72A995FB200BCA5A2 /* TransactionListViewModel.swift in Sources */ = {isa = PBXBuildFile; fileRef = 507676C62A995FB200BCA5A2 /* TransactionListViewModel.swift */; };
		507676CB2A99687400BCA5A2 /* RecentTransactionsList.swift in Sources */ = {isa = PBXBuildFile; fileRef = 507676CA2A99687400BCA5A2 /* RecentTransactionsList.swift */; };
/* End PBXBuildFile section */

/* Begin PBXFileReference section */
		507676AA2A9954D400BCA5A2 /* ExpenseTracker.app */ = {isa = PBXFileReference; explicitFileType = wrapper.application; includeInIndex = 0; path = ExpenseTracker.app; sourceTree = BUILT_PRODUCTS_DIR; };
		507676AD2A9954D400BCA5A2 /* ExpenseTrackerApp.swift */ = {isa = PBXFileReference; lastKnownFileType = sourcecode.swift; path = ExpenseTrackerApp.swift; sourceTree = "<group>"; };
		507676AF2A9954D400BCA5A2 /* ContentView.swift */ = {isa = PBXFileReference; lastKnownFileType = sourcecode.swift; path = ContentView.swift; sourceTree = "<group>"; };
		507676B12A9954D500BCA5A2 /* Assets.xcassets */ = {isa = PBXFileReference; lastKnownFileType = folder.assetcatalog; path = Assets.xcassets; sourceTree = "<group>"; };
		507676B42A9954D500BCA5A2 /* Preview Assets.xcassets */ = {isa = PBXFileReference; lastKnownFileType = folder.assetcatalog; path = "Preview Assets.xcassets"; sourceTree = "<group>"; };
		507676BB2A9955CA00BCA5A2 /* Extensions.swift */ = {isa = PBXFileReference; lastKnownFileType = sourcecode.swift; path = Extensions.swift; sourceTree = "<group>"; };
		507676BD2A9957AA00BCA5A2 /* TransactionModel.swift */ = {isa = PBXFileReference; lastKnownFileType = sourcecode.swift; path = TransactionModel.swift; sourceTree = "<group>"; };
		507676BF2A99594F00BCA5A2 /* PreviewData.swift */ = {isa = PBXFileReference; lastKnownFileType = sourcecode.swift; path = PreviewData.swift; sourceTree = "<group>"; };
		507676C12A995A9000BCA5A2 /* TransactionRow.swift */ = {isa = PBXFileReference; lastKnownFileType = sourcecode.swift; path = TransactionRow.swift; sourceTree = "<group>"; };
		507676C62A995FB200BCA5A2 /* TransactionListViewModel.swift */ = {isa = PBXFileReference; lastKnownFileType = sourcecode.swift; path = TransactionListViewModel.swift; sourceTree = "<group>"; };
		507676CA2A99687400BCA5A2 /* RecentTransactionsList.swift */ = {isa = PBXFileReference; lastKnownFileType = sourcecode.swift; path = RecentTransactionsList.swift; sourceTree = "<group>"; };
/* End PBXFileReference section */

/* Begin PBXFrameworksBuildPhase section */
		507676A72A9954D400BCA5A2 /* Frameworks */ = {
			isa = PBXFrameworksBuildPhase;
			buildActionMask = 2147483647;
			files = (
				507676C52A995F2F00BCA5A2 /* SwiftUIFontIcon in Frameworks */,
			);
			runOnlyForDeploymentPostprocessing = 0;
		};
/* End PBXFrameworksBuildPhase section */

/* Begin PBXGroup section */
		507676A12A9954D400BCA5A2 = {
			isa = PBXGroup;
			children = (
				507676AC2A9954D400BCA5A2 /* ExpenseTracker */,
				507676AB2A9954D400BCA5A2 /* Products */,
			);
			sourceTree = "<group>";
		};
		507676AB2A9954D400BCA5A2 /* Products */ = {
			isa = PBXGroup;
			children = (
				507676AA2A9954D400BCA5A2 /* ExpenseTracker.app */,
			);
			name = Products;
			sourceTree = "<group>";
		};
		507676AC2A9954D400BCA5A2 /* ExpenseTracker */ = {
			isa = PBXGroup;
			children = (
				507676AD2A9954D400BCA5A2 /* ExpenseTrackerApp.swift */,
				507676AF2A9954D400BCA5A2 /* ContentView.swift */,
				507676CA2A99687400BCA5A2 /* RecentTransactionsList.swift */,
				507676C12A995A9000BCA5A2 /* TransactionRow.swift */,
				507676C62A995FB200BCA5A2 /* TransactionListViewModel.swift */,
				507676BD2A9957AA00BCA5A2 /* TransactionModel.swift */,
				507676BB2A9955CA00BCA5A2 /* Extensions.swift */,
				507676B12A9954D500BCA5A2 /* Assets.xcassets */,
				507676B32A9954D500BCA5A2 /* Preview Content */,
			);
			path = ExpenseTracker;
			sourceTree = "<group>";
		};
		507676B32A9954D500BCA5A2 /* Preview Content */ = {
			isa = PBXGroup;
			children = (
				507676B42A9954D500BCA5A2 /* Preview Assets.xcassets */,
				507676BF2A99594F00BCA5A2 /* PreviewData.swift */,
			);
			path = "Preview Content";
			sourceTree = "<group>";
		};
/* End PBXGroup section */

/* Begin PBXNativeTarget section */
		507676A92A9954D400BCA5A2 /* ExpenseTracker */ = {
			isa = PBXNativeTarget;
			buildConfigurationList = 507676B82A9954D500BCA5A2 /* Build configuration list for PBXNativeTarget "ExpenseTracker" */;
			buildPhases = (
				507676A62A9954D400BCA5A2 /* Sources */,
				507676A72A9954D400BCA5A2 /* Frameworks */,
				507676A82A9954D400BCA5A2 /* Resources */,
			);
			buildRules = (
			);
			dependencies = (
			);
			name = ExpenseTracker;
			packageProductDependencies = (
				507676C42A995F2F00BCA5A2 /* SwiftUIFontIcon */,
			);
			productName = ExpenseTracker;
			productReference = 507676AA2A9954D400BCA5A2 /* ExpenseTracker.app */;
			productType = "com.apple.product-type.application";
		};
/* End PBXNativeTarget section */

/* Begin PBXProject section */
		507676A22A9954D400BCA5A2 /* Project object */ = {
			isa = PBXProject;
			attributes = {
				BuildIndependentTargetsInParallel = 1;
				LastSwiftUpdateCheck = 1430;
				LastUpgradeCheck = 1430;
				TargetAttributes = {
					507676A92A9954D400BCA5A2 = {
						CreatedOnToolsVersion = 14.3.1;
					};
				};
			};
			buildConfigurationList = 507676A52A9954D400BCA5A2 /* Build configuration list for PBXProject "ExpenseTracker" */;
			compatibilityVersion = "Xcode 14.0";
			developmentRegion = en;
			hasScannedForEncodings = 0;
			knownRegions = (
				en,
				Base,
			);
			mainGroup = 507676A12A9954D400BCA5A2;
			packageReferences = (
				507676C32A995F2F00BCA5A2 /* XCRemoteSwiftPackageReference "SwiftUIFontIcon" */,
			);
			productRefGroup = 507676AB2A9954D400BCA5A2 /* Products */;
			projectDirPath = "";
			projectRoot = "";
			targets = (
				507676A92A9954D400BCA5A2 /* ExpenseTracker */,
			);
		};
/* End PBXProject section */

/* Begin PBXResourcesBuildPhase section */
		507676A82A9954D400BCA5A2 /* Resources */ = {
			isa = PBXResourcesBuildPhase;
			buildActionMask = 2147483647;
			files = (
				507676B52A9954D500BCA5A2 /* Preview Assets.xcassets in Resources */,
				507676B22A9954D500BCA5A2 /* Assets.xcassets in Resources */,
			);
			runOnlyForDeploymentPostprocessing = 0;
		};
/* End PBXResourcesBuildPhase section */

/* Begin PBXSourcesBuildPhase section */
		507676A62A9954D400BCA5A2 /* Sources */ = {
			isa = PBXSourcesBuildPhase;
			buildActionMask = 2147483647;
			files = (
				507676C02A99594F00BCA5A2 /* PreviewData.swift in Sources */,
				507676BE2A9957AA00BCA5A2 /* TransactionModel.swift in Sources */,
				507676B02A9954D400BCA5A2 /* ContentView.swift in Sources */,
				507676C22A995A9000BCA5A2 /* TransactionRow.swift in Sources */,
				507676BC2A9955CA00BCA5A2 /* Extensions.swift in Sources */,
				507676CB2A99687400BCA5A2 /* RecentTransactionsList.swift in Sources */,
				507676C72A995FB200BCA5A2 /* TransactionListViewModel.swift in Sources */,
				507676AE2A9954D400BCA5A2 /* ExpenseTrackerApp.swift in Sources */,
			);
			runOnlyForDeploymentPostprocessing = 0;
		};
/* End PBXSourcesBuildPhase section */

/* Begin XCBuildConfiguration section */
		507676B62A9954D500BCA5A2 /* Debug */ = {
			isa = XCBuildConfiguration;
			buildSettings = {
				ALWAYS_SEARCH_USER_PATHS = NO;
				CLANG_ANALYZER_NONNULL = YES;
				CLANG_ANALYZER_NUMBER_OBJECT_CONVERSION = YES_AGGRESSIVE;
				CLANG_CXX_LANGUAGE_STANDARD = "gnu++20";
				CLANG_ENABLE_MODULES = YES;
				CLANG_ENABLE_OBJC_ARC = YES;
				CLANG_ENABLE_OBJC_WEAK = YES;
				CLANG_WARN_BLOCK_CAPTURE_AUTORELEASING = YES;
				CLANG_WARN_BOOL_CONVERSION = YES;
				CLANG_WARN_COMMA = YES;
				CLANG_WARN_CONSTANT_CONVERSION = YES;
				CLANG_WARN_DEPRECATED_OBJC_IMPLEMENTATIONS = YES;
				CLANG_WARN_DIRECT_OBJC_ISA_USAGE = YES_ERROR;
				CLANG_WARN_DOCUMENTATION_COMMENTS = YES;
				CLANG_WARN_EMPTY_BODY = YES;
				CLANG_WARN_ENUM_CONVERSION = YES;
				CLANG_WARN_INFINITE_RECURSION = YES;
				CLANG_WARN_INT_CONVERSION = YES;
				CLANG_WARN_NON_LITERAL_NULL_CONVERSION = YES;
				CLANG_WARN_OBJC_IMPLICIT_RETAIN_SELF = YES;
				CLANG_WARN_OBJC_LITERAL_CONVERSION = YES;
				CLANG_WARN_OBJC_ROOT_CLASS = YES_ERROR;
				CLANG_WARN_QUOTED_INCLUDE_IN_FRAMEWORK_HEADER = YES;
				CLANG_WARN_RANGE_LOOP_ANALYSIS = YES;
				CLANG_WARN_STRICT_PROTOTYPES = YES;
				CLANG_WARN_SUSPICIOUS_MOVE = YES;
				CLANG_WARN_UNGUARDED_AVAILABILITY = YES_AGGRESSIVE;
				CLANG_WARN_UNREACHABLE_CODE = YES;
				CLANG_WARN__DUPLICATE_METHOD_MATCH = YES;
				COPY_PHASE_STRIP = NO;
				DEBUG_INFORMATION_FORMAT = dwarf;
				ENABLE_STRICT_OBJC_MSGSEND = YES;
				ENABLE_TESTABILITY = YES;
				GCC_C_LANGUAGE_STANDARD = gnu11;
				GCC_DYNAMIC_NO_PIC = NO;
				GCC_NO_COMMON_BLOCKS = YES;
				GCC_OPTIMIZATION_LEVEL = 0;
				GCC_PREPROCESSOR_DEFINITIONS = (
					"DEBUG=1",
					"$(inherited)",
				);
				GCC_WARN_64_TO_32_BIT_CONVERSION = YES;
				GCC_WARN_ABOUT_RETURN_TYPE = YES_ERROR;
				GCC_WARN_UNDECLARED_SELECTOR = YES;
				GCC_WARN_UNINITIALIZED_AUTOS = YES_AGGRESSIVE;
				GCC_WARN_UNUSED_FUNCTION = YES;
				GCC_WARN_UNUSED_VARIABLE = YES;
				IPHONEOS_DEPLOYMENT_TARGET = 16.4;
				MTL_ENABLE_DEBUG_INFO = INCLUDE_SOURCE;
				MTL_FAST_MATH = YES;
				ONLY_ACTIVE_ARCH = YES;
				SDKROOT = iphoneos;
				SWIFT_ACTIVE_COMPILATION_CONDITIONS = DEBUG;
				SWIFT_OPTIMIZATION_LEVEL = "-Onone";
			};
			name = Debug;
		};
		507676B72A9954D500BCA5A2 /* Release */ = {
			isa = XCBuildConfiguration;
			buildSettings = {
				ALWAYS_SEARCH_USER_PATHS = NO;
				CLANG_ANALYZER_NONNULL = YES;
				CLANG_ANALYZER_NUMBER_OBJECT_CONVERSION = YES_AGGRESSIVE;
				CLANG_CXX_LANGUAGE_STANDARD = "gnu++20";
				CLANG_ENABLE_MODULES = YES;
				CLANG_ENABLE_OBJC_ARC = YES;
				CLANG_ENABLE_OBJC_WEAK = YES;
				CLANG_WARN_BLOCK_CAPTURE_AUTORELEASING = YES;
				CLANG_WARN_BOOL_CONVERSION = YES;
				CLANG_WARN_COMMA = YES;
				CLANG_WARN_CONSTANT_CONVERSION = YES;
				CLANG_WARN_DEPRECATED_OBJC_IMPLEMENTATIONS = YES;
				CLANG_WARN_DIRECT_OBJC_ISA_USAGE = YES_ERROR;
				CLANG_WARN_DOCUMENTATION_COMMENTS = YES;
				CLANG_WARN_EMPTY_BODY = YES;
				CLANG_WARN_ENUM_CONVERSION = YES;
				CLANG_WARN_INFINITE_RECURSION = YES;
				CLANG_WARN_INT_CONVERSION = YES;
				CLANG_WARN_NON_LITERAL_NULL_CONVERSION = YES;
				CLANG_WARN_OBJC_IMPLICIT_RETAIN_SELF = YES;
				CLANG_WARN_OBJC_LITERAL_CONVERSION = YES;
				CLANG_WARN_OBJC_ROOT_CLASS = YES_ERROR;
				CLANG_WARN_QUOTED_INCLUDE_IN_FRAMEWORK_HEADER = YES;
				CLANG_WARN_RANGE_LOOP_ANALYSIS = YES;
				CLANG_WARN_STRICT_PROTOTYPES = YES;
				CLANG_WARN_SUSPICIOUS_MOVE = YES;
				CLANG_WARN_UNGUARDED_AVAILABILITY = YES_AGGRESSIVE;
				CLANG_WARN_UNREACHABLE_CODE = YES;
				CLANG_WARN__DUPLICATE_METHOD_MATCH = YES;
				COPY_PHASE_STRIP = NO;
				DEBUG_INFORMATION_FORMAT = "dwarf-with-dsym";
				ENABLE_NS_ASSERTIONS = NO;
				ENABLE_STRICT_OBJC_MSGSEND = YES;
				GCC_C_LANGUAGE_STANDARD = gnu11;
				GCC_NO_COMMON_BLOCKS = YES;
				GCC_WARN_64_TO_32_BIT_CONVERSION = YES;
				GCC_WARN_ABOUT_RETURN_TYPE = YES_ERROR;
				GCC_WARN_UNDECLARED_SELECTOR = YES;
				GCC_WARN_UNINITIALIZED_AUTOS = YES_AGGRESSIVE;
				GCC_WARN_UNUSED_FUNCTION = YES;
				GCC_WARN_UNUSED_VARIABLE = YES;
				IPHONEOS_DEPLOYMENT_TARGET = 16.4;
				MTL_ENABLE_DEBUG_INFO = NO;
				MTL_FAST_MATH = YES;
				SDKROOT = iphoneos;
				SWIFT_COMPILATION_MODE = wholemodule;
				SWIFT_OPTIMIZATION_LEVEL = "-O";
				VALIDATE_PRODUCT = YES;
			};
			name = Release;
		};
		507676B92A9954D500BCA5A2 /* Debug */ = {
			isa = XCBuildConfiguration;
			buildSettings = {
				ASSETCATALOG_COMPILER_APPICON_NAME = AppIcon;
				ASSETCATALOG_COMPILER_GLOBAL_ACCENT_COLOR_NAME = AccentColor;
				CODE_SIGN_STYLE = Automatic;
				CURRENT_PROJECT_VERSION = 1;
				DEVELOPMENT_ASSET_PATHS = "\"ExpenseTracker/Preview Content\"";
				DEVELOPMENT_TEAM = 69M665M8TD;
				ENABLE_PREVIEWS = YES;
				GENERATE_INFOPLIST_FILE = YES;
				INFOPLIST_KEY_UIApplicationSceneManifest_Generation = YES;
				INFOPLIST_KEY_UIApplicationSupportsIndirectInputEvents = YES;
				INFOPLIST_KEY_UILaunchScreen_Generation = YES;
				INFOPLIST_KEY_UISupportedInterfaceOrientations_iPad = "UIInterfaceOrientationPortrait UIInterfaceOrientationPortraitUpsideDown UIInterfaceOrientationLandscapeLeft UIInterfaceOrientationLandscapeRight";
				INFOPLIST_KEY_UISupportedInterfaceOrientations_iPhone = "UIInterfaceOrientationPortrait UIInterfaceOrientationLandscapeLeft UIInterfaceOrientationLandscapeRight";
				LD_RUNPATH_SEARCH_PATHS = (
					"$(inherited)",
					"@executable_path/Frameworks",
				);
				MARKETING_VERSION = 1.0;
				PRODUCT_BUNDLE_IDENTIFIER = io.ezic.ExpenseTracker;
				PRODUCT_NAME = "$(TARGET_NAME)";
				SWIFT_EMIT_LOC_STRINGS = YES;
				SWIFT_VERSION = 5.0;
				TARGETED_DEVICE_FAMILY = "1,2";
			};
			name = Debug;
		};
		507676BA2A9954D500BCA5A2 /* Release */ = {
			isa = XCBuildConfiguration;
			buildSettings = {
				ASSETCATALOG_COMPILER_APPICON_NAME = AppIcon;
				ASSETCATALOG_COMPILER_GLOBAL_ACCENT_COLOR_NAME = AccentColor;
				CODE_SIGN_STYLE = Automatic;
				CURRENT_PROJECT_VERSION = 1;
				DEVELOPMENT_ASSET_PATHS = "\"ExpenseTracker/Preview Content\"";
				DEVELOPMENT_TEAM = 69M665M8TD;
				ENABLE_PREVIEWS = YES;
				GENERATE_INFOPLIST_FILE = YES;
				INFOPLIST_KEY_UIApplicationSceneManifest_Generation = YES;
				INFOPLIST_KEY_UIApplicationSupportsIndirectInputEvents = YES;
				INFOPLIST_KEY_UILaunchScreen_Generation = YES;
				INFOPLIST_KEY_UISupportedInterfaceOrientations_iPad = "UIInterfaceOrientationPortrait UIInterfaceOrientationPortraitUpsideDown UIInterfaceOrientationLandscapeLeft UIInterfaceOrientationLandscapeRight";
				INFOPLIST_KEY_UISupportedInterfaceOrientations_iPhone = "UIInterfaceOrientationPortrait UIInterfaceOrientationLandscapeLeft UIInterfaceOrientationLandscapeRight";
				LD_RUNPATH_SEARCH_PATHS = (
					"$(inherited)",
					"@executable_path/Frameworks",
				);
				MARKETING_VERSION = 1.0;
				PRODUCT_BUNDLE_IDENTIFIER = io.ezic.ExpenseTracker;
				PRODUCT_NAME = "$(TARGET_NAME)";
				SWIFT_EMIT_LOC_STRINGS = YES;
				SWIFT_VERSION = 5.0;
				TARGETED_DEVICE_FAMILY = "1,2";
			};
			name = Release;
		};
/* End XCBuildConfiguration section */

/* Begin XCConfigurationList section */
		507676A52A9954D400BCA5A2 /* Build configuration list for PBXProject "ExpenseTracker" */ = {
			isa = XCConfigurationList;
			buildConfigurations = (
				507676B62A9954D500BCA5A2 /* Debug */,
				507676B72A9954D500BCA5A2 /* Release */,
			);
			defaultConfigurationIsVisible = 0;
			defaultConfigurationName = Release;
		};
		507676B82A9954D500BCA5A2 /* Build configuration list for PBXNativeTarget "ExpenseTracker" */ = {
			isa = XCConfigurationList;
			buildConfigurations = (
				507676B92A9954D500BCA5A2 /* Debug */,
				507676BA2A9954D500BCA5A2 /* Release */,
			);
			defaultConfigurationIsVisible = 0;
			defaultConfigurationName = Release;
		};
/* End XCConfigurationList section */

/* Begin XCRemoteSwiftPackageReference section */
		507676C32A995F2F00BCA5A2 /* XCRemoteSwiftPackageReference "SwiftUIFontIcon" */ = {
			isa = XCRemoteSwiftPackageReference;
			repositoryURL = "https://github.com/huybuidac/SwiftUIFontIcon";
			requirement = {
				branch = master;
				kind = branch;
			};
		};
/* End XCRemoteSwiftPackageReference section */

/* Begin XCSwiftPackageProductDependency section */
		507676C42A995F2F00BCA5A2 /* SwiftUIFontIcon */ = {
			isa = XCSwiftPackageProductDependency;
			package = 507676C32A995F2F00BCA5A2 /* XCRemoteSwiftPackageReference "SwiftUIFontIcon" */;
			productName = SwiftUIFontIcon;
		};
/* End XCSwiftPackageProductDependency section */
	};
	rootObject = 507676A22A9954D400BCA5A2 /* Project object */;
}
